
Microsoft Visual Studio Solution File, Format Version 12.00
# Visual Studio Version 17
VisualStudioVersion = 17.14.36414.22 d17.14
MinimumVisualStudioVersion = 10.0.40219.1
Project("{FAE04EC0-301F-11D3-BF4B-00C04F79EFBC}") = "IO Assignment", "IO Assignment.csproj", "{B727BB1B-E553-4929-9A80-9080FB591E02}"
EndProject
Global
	GlobalSection(SolutionConfigurationPlatforms) = preSolution
		Debug|Any CPU = Debug|Any CPU
		Release|Any CPU = Release|Any CPU
	EndGlobalSection
	GlobalSection(ProjectConfigurationPlatforms) = postSolution
		{B727BB1B-E553-4929-9A80-9080FB591E02}.Debug|Any CPU.ActiveCfg = Debug|Any CPU
		{B727BB1B-E553-4929-9A80-9080FB591E02}.Debug|Any CPU.Build.0 = Debug|Any CPU
		{B727BB1B-E553-4929-9A80-9080FB591E02}.Release|Any CPU.ActiveCfg = Release|Any CPU
		{B727BB1B-E553-4929-9A80-9080FB591E02}.Release|Any CPU.Build.0 = Release|Any CPU
	EndGlobalSection
	GlobalSection(SolutionProperties) = preSolution
		HideSolutionNode = FALSE
	EndGlobalSection
	GlobalSection(ExtensibilityGlobals) = postSolution
		SolutionGuid = {DBACEB73-05ED-4262-BA96-6AC3030090E9}
	EndGlobalSection
EndGlobal
