
Microsoft Visual Studio Solution File, Format Version 12.00
# Visual Studio Version 17
VisualStudioVersion = 17.14.36414.22 d17.14
MinimumVisualStudioVersion = 10.0.40219.1
Project("{FAE04EC0-301F-11D3-BF4B-00C04F79EFBC}") = "6__Part_Assignment", "6__Part_Assignment.csproj", "{A5F55187-B2BE-453B-8EA9-F9BEE12FD3B7}"
EndProject
Global
	GlobalSection(SolutionConfigurationPlatforms) = preSolution
		Debug|Any CPU = Debug|Any CPU
		Release|Any CPU = Release|Any CPU
	EndGlobalSection
	GlobalSection(ProjectConfigurationPlatforms) = postSolution
		{A5F55187-B2BE-453B-8EA9-F9BEE12FD3B7}.Debug|Any CPU.ActiveCfg = Debug|Any CPU
		{A5F55187-B2BE-453B-8EA9-F9BEE12FD3B7}.Debug|Any CPU.Build.0 = Debug|Any CPU
		{A5F55187-B2BE-453B-8EA9-F9BEE12FD3B7}.Release|Any CPU.ActiveCfg = Release|Any CPU
		{A5F55187-B2BE-453B-8EA9-F9BEE12FD3B7}.Release|Any CPU.Build.0 = Release|Any CPU
	EndGlobalSection
	GlobalSection(SolutionProperties) = preSolution
		HideSolutionNode = FALSE
	EndGlobalSection
	GlobalSection(ExtensibilityGlobals) = postSolution
		SolutionGuid = {D5CD71B4-CBD0-4D37-BC5B-1E2B9C323B7D}
	EndGlobalSection
EndGlobal
