
Microsoft Visual Studio Solution File, Format Version 12.00
# Visual Studio Version 17
VisualStudioVersion = 17.14.36414.22 d17.14
MinimumVisualStudioVersion = 10.0.40219.1
Project("{FAE04EC0-301F-11D3-BF4B-00C04F79EFBC}") = "Strings_Integers", "Strings_Integers.csproj", "{4CDD0E83-2E80-457B-8EF3-09BEBD528EBD}"
EndProject
Global
	GlobalSection(SolutionConfigurationPlatforms) = preSolution
		Debug|Any CPU = Debug|Any CPU
		Release|Any CPU = Release|Any CPU
	EndGlobalSection
	GlobalSection(ProjectConfigurationPlatforms) = postSolution
		{4CDD0E83-2E80-457B-8EF3-09BEBD528EBD}.Debug|Any CPU.ActiveCfg = Debug|Any CPU
		{4CDD0E83-2E80-457B-8EF3-09BEBD528EBD}.Debug|Any CPU.Build.0 = Debug|Any CPU
		{4CDD0E83-2E80-457B-8EF3-09BEBD528EBD}.Release|Any CPU.ActiveCfg = Release|Any CPU
		{4CDD0E83-2E80-457B-8EF3-09BEBD528EBD}.Release|Any CPU.Build.0 = Release|Any CPU
	EndGlobalSection
	GlobalSection(SolutionProperties) = preSolution
		HideSolutionNode = FALSE
	EndGlobalSection
	GlobalSection(ExtensibilityGlobals) = postSolution
		SolutionGuid = {0BCD0759-B919-4658-BB9B-607C6C52EE66}
	EndGlobalSection
EndGlobal
