
Microsoft Visual Studio Solution File, Format Version 12.00
# Visual Studio Version 17
VisualStudioVersion = 17.14.36414.22 d17.14
MinimumVisualStudioVersion = 10.0.40219.1
Project("{FAE04EC0-301F-11D3-BF4B-00C04F79EFBC}") = "Enum Assignment", "Enum Assignment.csproj", "{1A08F896-6515-46CE-AF76-4937DDF7B23D}"
EndProject
Global
	GlobalSection(SolutionConfigurationPlatforms) = preSolution
		Debug|Any CPU = Debug|Any CPU
		Release|Any CPU = Release|Any CPU
	EndGlobalSection
	GlobalSection(ProjectConfigurationPlatforms) = postSolution
		{1A08F896-6515-46CE-AF76-4937DDF7B23D}.Debug|Any CPU.ActiveCfg = Debug|Any CPU
		{1A08F896-6515-46CE-AF76-4937DDF7B23D}.Debug|Any CPU.Build.0 = Debug|Any CPU
		{1A08F896-6515-46CE-AF76-4937DDF7B23D}.Release|Any CPU.ActiveCfg = Release|Any CPU
		{1A08F896-6515-46CE-AF76-4937DDF7B23D}.Release|Any CPU.Build.0 = Release|Any CPU
	EndGlobalSection
	GlobalSection(SolutionProperties) = preSolution
		HideSolutionNode = FALSE
	EndGlobalSection
	GlobalSection(ExtensibilityGlobals) = postSolution
		SolutionGuid = {732AF7F8-E1EE-4698-B347-58DE17B45576}
	EndGlobalSection
EndGlobal
