
Microsoft Visual Studio Solution File, Format Version 12.00
# Visual Studio Version 17
VisualStudioVersion = 17.14.36414.22 d17.14
MinimumVisualStudioVersion = 10.0.40219.1
Project("{FAE04EC0-301F-11D3-BF4B-00C04F79EFBC}") = "Method Class Assignment", "Method Class Assignment.csproj", "{0A9E7805-65B1-4391-A62F-449729BCF511}"
EndProject
Global
	GlobalSection(SolutionConfigurationPlatforms) = preSolution
		Debug|Any CPU = Debug|Any CPU
		Release|Any CPU = Release|Any CPU
	EndGlobalSection
	GlobalSection(ProjectConfigurationPlatforms) = postSolution
		{0A9E7805-65B1-4391-A62F-449729BCF511}.Debug|Any CPU.ActiveCfg = Debug|Any CPU
		{0A9E7805-65B1-4391-A62F-449729BCF511}.Debug|Any CPU.Build.0 = Debug|Any CPU
		{0A9E7805-65B1-4391-A62F-449729BCF511}.Release|Any CPU.ActiveCfg = Release|Any CPU
		{0A9E7805-65B1-4391-A62F-449729BCF511}.Release|Any CPU.Build.0 = Release|Any CPU
	EndGlobalSection
	GlobalSection(SolutionProperties) = preSolution
		HideSolutionNode = FALSE
	EndGlobalSection
	GlobalSection(ExtensibilityGlobals) = postSolution
		SolutionGuid = {2ACDB58C-DF15-421A-BDDC-50A2BF47FBBC}
	EndGlobalSection
EndGlobal
