
Microsoft Visual Studio Solution File, Format Version 12.00
# Visual Studio Version 17
VisualStudioVersion = 17.14.36414.22 d17.14
MinimumVisualStudioVersion = 10.0.40219.1
Project("{FAE04EC0-301F-11D3-BF4B-00C04F79EFBC}") = "Daily Report", "Daily Report.csproj", "{6DA54C7C-6660-487D-AB3B-8B0FD3E03A6B}"
EndProject
Global
	GlobalSection(SolutionConfigurationPlatforms) = preSolution
		Debug|Any CPU = Debug|Any CPU
		Release|Any CPU = Release|Any CPU
	EndGlobalSection
	GlobalSection(ProjectConfigurationPlatforms) = postSolution
		{6DA54C7C-6660-487D-AB3B-8B0FD3E03A6B}.Debug|Any CPU.ActiveCfg = Debug|Any CPU
		{6DA54C7C-6660-487D-AB3B-8B0FD3E03A6B}.Debug|Any CPU.Build.0 = Debug|Any CPU
		{6DA54C7C-6660-487D-AB3B-8B0FD3E03A6B}.Release|Any CPU.ActiveCfg = Release|Any CPU
		{6DA54C7C-6660-487D-AB3B-8B0FD3E03A6B}.Release|Any CPU.Build.0 = Release|Any CPU
	EndGlobalSection
	GlobalSection(SolutionProperties) = preSolution
		HideSolutionNode = FALSE
	EndGlobalSection
	GlobalSection(ExtensibilityGlobals) = postSolution
		SolutionGuid = {48E42F15-A804-45CD-8733-971FBB76B634}
	EndGlobalSection
EndGlobal
