
Microsoft Visual Studio Solution File, Format Version 12.00
# Visual Studio Version 17
VisualStudioVersion = 17.14.36414.22 d17.14
MinimumVisualStudioVersion = 10.0.40219.1
Project("{FAE04EC0-301F-11D3-BF4B-00C04F79EFBC}") = "lambda expressions", "lambda expressions.csproj", "{F4DA595C-D50B-4ACC-9EFD-9514EBF7667C}"
EndProject
Global
	GlobalSection(SolutionConfigurationPlatforms) = preSolution
		Debug|Any CPU = Debug|Any CPU
		Release|Any CPU = Release|Any CPU
	EndGlobalSection
	GlobalSection(ProjectConfigurationPlatforms) = postSolution
		{F4DA595C-D50B-4ACC-9EFD-9514EBF7667C}.Debug|Any CPU.ActiveCfg = Debug|Any CPU
		{F4DA595C-D50B-4ACC-9EFD-9514EBF7667C}.Debug|Any CPU.Build.0 = Debug|Any CPU
		{F4DA595C-D50B-4ACC-9EFD-9514EBF7667C}.Release|Any CPU.ActiveCfg = Release|Any CPU
		{F4DA595C-D50B-4ACC-9EFD-9514EBF7667C}.Release|Any CPU.Build.0 = Release|Any CPU
	EndGlobalSection
	GlobalSection(SolutionProperties) = preSolution
		HideSolutionNode = FALSE
	EndGlobalSection
	GlobalSection(ExtensibilityGlobals) = postSolution
		SolutionGuid = {82951351-40CE-4A73-BECB-943C4B0D441F}
	EndGlobalSection
EndGlobal
